
Microsoft Visual Studio Solution File, Format Version 12.00
# Visual Studio Version 17
VisualStudioVersion = 17.14.36127.28 d17.14
MinimumVisualStudioVersion = 10.0.40219.1
Project("{FAE04EC0-301F-11D3-BF4B-00C04F79EFBC}") = "_03-ListOfObjects", "_03-ListOfObjects.csproj", "{3D6C883A-29CC-AF0E-D672-60EE81A33AB0}"
EndProject
Global
	GlobalSection(SolutionConfigurationPlatforms) = preSolution
		Debug|Any CPU = Debug|Any CPU
		Release|Any CPU = Release|Any CPU
	EndGlobalSection
	GlobalSection(ProjectConfigurationPlatforms) = postSolution
		{3D6C883A-29CC-AF0E-D672-60EE81A33AB0}.Debug|Any CPU.ActiveCfg = Debug|Any CPU
		{3D6C883A-29CC-AF0E-D672-60EE81A33AB0}.Debug|Any CPU.Build.0 = Debug|Any CPU
		{3D6C883A-29CC-AF0E-D672-60EE81A33AB0}.Release|Any CPU.ActiveCfg = Release|Any CPU
		{3D6C883A-29CC-AF0E-D672-60EE81A33AB0}.Release|Any CPU.Build.0 = Release|Any CPU
	EndGlobalSection
	GlobalSection(SolutionProperties) = preSolution
		HideSolutionNode = FALSE
	EndGlobalSection
	GlobalSection(ExtensibilityGlobals) = postSolution
		SolutionGuid = {65A667D5-179B-4A83-ABFE-43C637C07038}
	EndGlobalSection
EndGlobal
