
Microsoft Visual Studio Solution File, Format Version 12.00
# Visual Studio Version 17
VisualStudioVersion = 17.14.36127.28 d17.14
MinimumVisualStudioVersion = 10.0.40219.1
Project("{FAE04EC0-301F-11D3-BF4B-00C04F79EFBC}") = "_01-Static", "_01-Static.csproj", "{7B57500D-6C4B-5BB4-4DE3-7244FA224371}"
EndProject
Global
	GlobalSection(SolutionConfigurationPlatforms) = preSolution
		Debug|Any CPU = Debug|Any CPU
		Release|Any CPU = Release|Any CPU
	EndGlobalSection
	GlobalSection(ProjectConfigurationPlatforms) = postSolution
		{7B57500D-6C4B-5BB4-4DE3-7244FA224371}.Debug|Any CPU.ActiveCfg = Debug|Any CPU
		{7B57500D-6C4B-5BB4-4DE3-7244FA224371}.Debug|Any CPU.Build.0 = Debug|Any CPU
		{7B57500D-6C4B-5BB4-4DE3-7244FA224371}.Release|Any CPU.ActiveCfg = Release|Any CPU
		{7B57500D-6C4B-5BB4-4DE3-7244FA224371}.Release|Any CPU.Build.0 = Release|Any CPU
	EndGlobalSection
	GlobalSection(SolutionProperties) = preSolution
		HideSolutionNode = FALSE
	EndGlobalSection
	GlobalSection(ExtensibilityGlobals) = postSolution
		SolutionGuid = {BC087971-9891-4EB1-991D-AB84C7845AC3}
	EndGlobalSection
EndGlobal
