
Microsoft Visual Studio Solution File, Format Version 12.00
# Visual Studio Version 17
VisualStudioVersion = 17.14.36127.28 d17.14
MinimumVisualStudioVersion = 10.0.40219.1
Project("{FAE04EC0-301F-11D3-BF4B-00C04F79EFBC}") = "_04-Generics", "_04-Generics.csproj", "{49842118-7F6D-41C0-4EE0-BF8387187EED}"
EndProject
Global
	GlobalSection(SolutionConfigurationPlatforms) = preSolution
		Debug|Any CPU = Debug|Any CPU
		Release|Any CPU = Release|Any CPU
	EndGlobalSection
	GlobalSection(ProjectConfigurationPlatforms) = postSolution
		{49842118-7F6D-41C0-4EE0-BF8387187EED}.Debug|Any CPU.ActiveCfg = Debug|Any CPU
		{49842118-7F6D-41C0-4EE0-BF8387187EED}.Debug|Any CPU.Build.0 = Debug|Any CPU
		{49842118-7F6D-41C0-4EE0-BF8387187EED}.Release|Any CPU.ActiveCfg = Release|Any CPU
		{49842118-7F6D-41C0-4EE0-BF8387187EED}.Release|Any CPU.Build.0 = Release|Any CPU
	EndGlobalSection
	GlobalSection(SolutionProperties) = preSolution
		HideSolutionNode = FALSE
	EndGlobalSection
	GlobalSection(ExtensibilityGlobals) = postSolution
		SolutionGuid = {1AA5D453-A8BB-4B3D-AA35-5B74492C06FE}
	EndGlobalSection
EndGlobal
