
Microsoft Visual Studio Solution File, Format Version 12.00
# Visual Studio Version 17
VisualStudioVersion = 17.14.36127.28 d17.14
MinimumVisualStudioVersion = 10.0.40219.1
Project("{FAE04EC0-301F-11D3-BF4B-00C04F79EFBC}") = "_01-Interface", "_01-Interface.csproj", "{746A699B-3DF2-F6E6-D071-63CD80EB0F8D}"
EndProject
Global
	GlobalSection(SolutionConfigurationPlatforms) = preSolution
		Debug|Any CPU = Debug|Any CPU
		Release|Any CPU = Release|Any CPU
	EndGlobalSection
	GlobalSection(ProjectConfigurationPlatforms) = postSolution
		{746A699B-3DF2-F6E6-D071-63CD80EB0F8D}.Debug|Any CPU.ActiveCfg = Debug|Any CPU
		{746A699B-3DF2-F6E6-D071-63CD80EB0F8D}.Debug|Any CPU.Build.0 = Debug|Any CPU
		{746A699B-3DF2-F6E6-D071-63CD80EB0F8D}.Release|Any CPU.ActiveCfg = Release|Any CPU
		{746A699B-3DF2-F6E6-D071-63CD80EB0F8D}.Release|Any CPU.Build.0 = Release|Any CPU
	EndGlobalSection
	GlobalSection(SolutionProperties) = preSolution
		HideSolutionNode = FALSE
	EndGlobalSection
	GlobalSection(ExtensibilityGlobals) = postSolution
		SolutionGuid = {5F70A2D0-D06D-4BF1-B28F-9BE28D1A5913}
	EndGlobalSection
EndGlobal
