
Microsoft Visual Studio Solution File, Format Version 12.00
# Visual Studio Version 17
VisualStudioVersion = 17.14.36127.28 d17.14
MinimumVisualStudioVersion = 10.0.40219.1
Project("{FAE04EC0-301F-11D3-BF4B-00C04F79EFBC}") = "_02-AutoImplementedProperties", "_02-AutoImplementedProperties.csproj", "{ED1115BF-BE9E-E08E-ECA7-21E8C7F6BCD9}"
EndProject
Global
	GlobalSection(SolutionConfigurationPlatforms) = preSolution
		Debug|Any CPU = Debug|Any CPU
		Release|Any CPU = Release|Any CPU
	EndGlobalSection
	GlobalSection(ProjectConfigurationPlatforms) = postSolution
		{ED1115BF-BE9E-E08E-ECA7-21E8C7F6BCD9}.Debug|Any CPU.ActiveCfg = Debug|Any CPU
		{ED1115BF-BE9E-E08E-ECA7-21E8C7F6BCD9}.Debug|Any CPU.Build.0 = Debug|Any CPU
		{ED1115BF-BE9E-E08E-ECA7-21E8C7F6BCD9}.Release|Any CPU.ActiveCfg = Release|Any CPU
		{ED1115BF-BE9E-E08E-ECA7-21E8C7F6BCD9}.Release|Any CPU.Build.0 = Release|Any CPU
	EndGlobalSection
	GlobalSection(SolutionProperties) = preSolution
		HideSolutionNode = FALSE
	EndGlobalSection
	GlobalSection(ExtensibilityGlobals) = postSolution
		SolutionGuid = {87942E9E-DCF3-422A-8F35-81A93BEB130F}
	EndGlobalSection
EndGlobal
